
Microsoft Visual Studio Solution File, Format Version 12.00
# Visual Studio Version 17
VisualStudioVersion = 17.4.33205.214
MinimumVisualStudioVersion = 10.0.40219.1
Project("{2150E333-8FDC-42A3-9474-1A3956D46DE8}") = "Tests", "Tests", "{1D3AA8D8-1858-4770-95F2-0D02363B90A8}"
EndProject
Project("{9A19103F-16F7-4668-BE54-9A1E7A4F7556}") = "EmployeeTagManagerApp.Modules.ModuleName.Tests", "Tests\EmployeeTagManagerApp.Modules.ModuleName.Tests\EmployeeTagManagerApp.Modules.ModuleName.Tests.csproj", "{EC8CAA82-0221-4E8B-8654-D878A064DCF1}"
EndProject
Project("{2150E333-8FDC-42A3-9474-1A3956D46DE8}") = "Modules", "Modules", "{62485C64-4358-4D70-B273-FB5767460312}"
EndProject
Project("{9A19103F-16F7-4668-BE54-9A1E7A4F7556}") = "EmployeeTagManagerApp.Modules.ModuleName", "Modules\EmployeeTagManagerApp.Modules.ModuleName\EmployeeTagManagerApp.Modules.ModuleName.csproj", "{DD6FD508-FB81-4F33-BA53-4E9A95BCF0FB}"
EndProject
Project("{2150E333-8FDC-42A3-9474-1A3956D46DE8}") = "Services", "Services", "{8287AE9A-8669-4D12-9F7E-A45984C4868D}"
EndProject
Project("{9A19103F-16F7-4668-BE54-9A1E7A4F7556}") = "EmployeeTagManagerApp.Services", "Services\EmployeeTagManagerApp.Services\EmployeeTagManagerApp.Services.csproj", "{3C6CA407-EA10-45DC-8946-072AD9B20E53}"
EndProject
Project("{9A19103F-16F7-4668-BE54-9A1E7A4F7556}") = "EmployeeTagManagerApp.Services.Interfaces", "Services\EmployeeTagManagerApp.Services.Interfaces\EmployeeTagManagerApp.Services.Interfaces.csproj", "{F83ED14B-46CD-4F74-9471-EADFA11114A1}"
EndProject
Project("{9A19103F-16F7-4668-BE54-9A1E7A4F7556}") = "EmployeeTagManagerApp", "EmployeeTagManagerApp\EmployeeTagManagerApp.csproj", "{5C3823CA-1AE6-412A-8CEC-930147596E2C}"
EndProject
Project("{9A19103F-16F7-4668-BE54-9A1E7A4F7556}") = "EmployeeTagManagerApp.Core", "EmployeeTagManagerApp.Core\EmployeeTagManagerApp.Core.csproj", "{6BBA0AB8-AD2A-4D83-A9B9-5A7C5860ADAF}"
EndProject
Global
	GlobalSection(SolutionConfigurationPlatforms) = preSolution
		Debug|Any CPU = Debug|Any CPU
		Release|Any CPU = Release|Any CPU
	EndGlobalSection
	GlobalSection(ProjectConfigurationPlatforms) = postSolution
		{EC8CAA82-0221-4E8B-8654-D878A064DCF1}.Debug|Any CPU.ActiveCfg = Debug|Any CPU
		{EC8CAA82-0221-4E8B-8654-D878A064DCF1}.Debug|Any CPU.Build.0 = Debug|Any CPU
		{EC8CAA82-0221-4E8B-8654-D878A064DCF1}.Release|Any CPU.ActiveCfg = Release|Any CPU
		{EC8CAA82-0221-4E8B-8654-D878A064DCF1}.Release|Any CPU.Build.0 = Release|Any CPU
		{DD6FD508-FB81-4F33-BA53-4E9A95BCF0FB}.Debug|Any CPU.ActiveCfg = Debug|Any CPU
		{DD6FD508-FB81-4F33-BA53-4E9A95BCF0FB}.Debug|Any CPU.Build.0 = Debug|Any CPU
		{DD6FD508-FB81-4F33-BA53-4E9A95BCF0FB}.Release|Any CPU.ActiveCfg = Release|Any CPU
		{DD6FD508-FB81-4F33-BA53-4E9A95BCF0FB}.Release|Any CPU.Build.0 = Release|Any CPU
		{3C6CA407-EA10-45DC-8946-072AD9B20E53}.Debug|Any CPU.ActiveCfg = Debug|Any CPU
		{3C6CA407-EA10-45DC-8946-072AD9B20E53}.Debug|Any CPU.Build.0 = Debug|Any CPU
		{3C6CA407-EA10-45DC-8946-072AD9B20E53}.Release|Any CPU.ActiveCfg = Release|Any CPU
		{3C6CA407-EA10-45DC-8946-072AD9B20E53}.Release|Any CPU.Build.0 = Release|Any CPU
		{F83ED14B-46CD-4F74-9471-EADFA11114A1}.Debug|Any CPU.ActiveCfg = Debug|Any CPU
		{F83ED14B-46CD-4F74-9471-EADFA11114A1}.Debug|Any CPU.Build.0 = Debug|Any CPU
		{F83ED14B-46CD-4F74-9471-EADFA11114A1}.Release|Any CPU.ActiveCfg = Release|Any CPU
		{F83ED14B-46CD-4F74-9471-EADFA11114A1}.Release|Any CPU.Build.0 = Release|Any CPU
		{5C3823CA-1AE6-412A-8CEC-930147596E2C}.Debug|Any CPU.ActiveCfg = Debug|Any CPU
		{5C3823CA-1AE6-412A-8CEC-930147596E2C}.Debug|Any CPU.Build.0 = Debug|Any CPU
		{5C3823CA-1AE6-412A-8CEC-930147596E2C}.Release|Any CPU.ActiveCfg = Release|Any CPU
		{5C3823CA-1AE6-412A-8CEC-930147596E2C}.Release|Any CPU.Build.0 = Release|Any CPU
		{6BBA0AB8-AD2A-4D83-A9B9-5A7C5860ADAF}.Debug|Any CPU.ActiveCfg = Debug|Any CPU
		{6BBA0AB8-AD2A-4D83-A9B9-5A7C5860ADAF}.Debug|Any CPU.Build.0 = Debug|Any CPU
		{6BBA0AB8-AD2A-4D83-A9B9-5A7C5860ADAF}.Release|Any CPU.ActiveCfg = Release|Any CPU
		{6BBA0AB8-AD2A-4D83-A9B9-5A7C5860ADAF}.Release|Any CPU.Build.0 = Release|Any CPU
	EndGlobalSection
	GlobalSection(SolutionProperties) = preSolution
		HideSolutionNode = FALSE
	EndGlobalSection
	GlobalSection(NestedProjects) = preSolution
		{EC8CAA82-0221-4E8B-8654-D878A064DCF1} = {1D3AA8D8-1858-4770-95F2-0D02363B90A8}
		{DD6FD508-FB81-4F33-BA53-4E9A95BCF0FB} = {62485C64-4358-4D70-B273-FB5767460312}
		{3C6CA407-EA10-45DC-8946-072AD9B20E53} = {8287AE9A-8669-4D12-9F7E-A45984C4868D}
		{F83ED14B-46CD-4F74-9471-EADFA11114A1} = {8287AE9A-8669-4D12-9F7E-A45984C4868D}
	EndGlobalSection
	GlobalSection(ExtensibilityGlobals) = postSolution
		SolutionGuid = {62AEB4E5-C313-43E1-A783-7F52854F109B}
	EndGlobalSection
EndGlobal
